
Microsoft Visual Studio Solution File, Format Version 12.00
# Visual Studio Version 16
VisualStudioVersion = 16.0.33214.272
MinimumVisualStudioVersion = 10.0.40219.1
Project("{FAE04EC0-301F-11D3-BF4B-00C04F79EFBC}") = "pract15_c", "pract15_c\pract15_c.csproj", "{300A3889-2C8C-4765-9AAD-516075DD1AE3}"
EndProject
Global
	GlobalSection(SolutionConfigurationPlatforms) = preSolution
		Debug|Any CPU = Debug|Any CPU
		Release|Any CPU = Release|Any CPU
	EndGlobalSection
	GlobalSection(ProjectConfigurationPlatforms) = postSolution
		{300A3889-2C8C-4765-9AAD-516075DD1AE3}.Debug|Any CPU.ActiveCfg = Debug|Any CPU
		{300A3889-2C8C-4765-9AAD-516075DD1AE3}.Debug|Any CPU.Build.0 = Debug|Any CPU
		{300A3889-2C8C-4765-9AAD-516075DD1AE3}.Release|Any CPU.ActiveCfg = Release|Any CPU
		{300A3889-2C8C-4765-9AAD-516075DD1AE3}.Release|Any CPU.Build.0 = Release|Any CPU
	EndGlobalSection
	GlobalSection(SolutionProperties) = preSolution
		HideSolutionNode = FALSE
	EndGlobalSection
	GlobalSection(ExtensibilityGlobals) = postSolution
		SolutionGuid = {00379D6D-5953-4F11-8FAA-45B5D90D74BB}
	EndGlobalSection
EndGlobal
